
Microsoft Visual Studio Solution File, Format Version 12.00
# Visual Studio 15
VisualStudioVersion = 15.0.27004.2005
MinimumVisualStudioVersion = 10.0.40219.1
Project("{FAE04EC0-301F-11D3-BF4B-00C04F79EFBC}") = "Server", "Server\Server.csproj", "{75E2AFDD-D565-4CED-BF28-DD352BB90F07}"
EndProject
Project("{FAE04EC0-301F-11D3-BF4B-00C04F79EFBC}") = "NetFrame", "NetFrame\NetFrame.csproj", "{5A3DFEF4-5C04-4037-B543-8DC72DAACEF1}"
EndProject
Global
	GlobalSection(SolutionConfigurationPlatforms) = preSolution
		Debug|Any CPU = Debug|Any CPU
		Release|Any CPU = Release|Any CPU
	EndGlobalSection
	GlobalSection(ProjectConfigurationPlatforms) = postSolution
		{75E2AFDD-D565-4CED-BF28-DD352BB90F07}.Debug|Any CPU.ActiveCfg = Debug|Any CPU
		{75E2AFDD-D565-4CED-BF28-DD352BB90F07}.Debug|Any CPU.Build.0 = Debug|Any CPU
		{75E2AFDD-D565-4CED-BF28-DD352BB90F07}.Release|Any CPU.ActiveCfg = Release|Any CPU
		{75E2AFDD-D565-4CED-BF28-DD352BB90F07}.Release|Any CPU.Build.0 = Release|Any CPU
		{5A3DFEF4-5C04-4037-B543-8DC72DAACEF1}.Debug|Any CPU.ActiveCfg = Debug|Any CPU
		{5A3DFEF4-5C04-4037-B543-8DC72DAACEF1}.Debug|Any CPU.Build.0 = Debug|Any CPU
		{5A3DFEF4-5C04-4037-B543-8DC72DAACEF1}.Release|Any CPU.ActiveCfg = Release|Any CPU
		{5A3DFEF4-5C04-4037-B543-8DC72DAACEF1}.Release|Any CPU.Build.0 = Release|Any CPU
	EndGlobalSection
	GlobalSection(SolutionProperties) = preSolution
		HideSolutionNode = FALSE
	EndGlobalSection
	GlobalSection(ExtensibilityGlobals) = postSolution
		SolutionGuid = {38C7133C-332B-4A9B-BBB1-3BEE129FA4EC}
	EndGlobalSection
EndGlobal
